// !$*UTF8*$!
{
	archiveVersion = 1;
	classes = {
	};
	objectVersion = 50;
	objects = {

/* Begin PBXBuildFile section */
		AA3529C722D3907300D25146 /* Helper.swift in Sources */ = {isa = PBXBuildFile; fileRef = AA3529C622D3907200D25146 /* Helper.swift */; };
		AA592C8E22D625630088ECC3 /* APIBase.swift in Sources */ = {isa = PBXBuildFile; fileRef = AA592C8D22D625630088ECC3 /* APIBase.swift */; };
		AAA5967422D48D2000972F9A /* TestObjects.string in Resources */ = {isa = PBXBuildFile; fileRef = AAA5967322D48D2000972F9A /* TestObjects.string */; };
		AAA6CA3122CDEE3700F1FAFF /* Entity.swift in Sources */ = {isa = PBXBuildFile; fileRef = AAA6CA2E22CDEE3700F1FAFF /* Entity.swift */; };
		AAA6CA3222CDEE3700F1FAFF /* VCRequest.swift in Sources */ = {isa = PBXBuildFile; fileRef = AAA6CA2F22CDEE3700F1FAFF /* VCRequest.swift */; };
		AAA6CA3322CDEE3700F1FAFF /* VCRequests.swift in Sources */ = {isa = PBXBuildFile; fileRef = AAA6CA3022CDEE3700F1FAFF /* VCRequests.swift */; };
		AAF0277C22CCEF3300582CDF /* AppDelegate.swift in Sources */ = {isa = PBXBuildFile; fileRef = AAF0277B22CCEF3300582CDF /* AppDelegate.swift */; };
		AAF0277E22CCEF3300582CDF /* ViewController.swift in Sources */ = {isa = PBXBuildFile; fileRef = AAF0277D22CCEF3300582CDF /* ViewController.swift */; };
		AAF0278122CCEF3300582CDF /* Main.storyboard in Resources */ = {isa = PBXBuildFile; fileRef = AAF0277F22CCEF3300582CDF /* Main.storyboard */; };
		AAF0278322CCEF3500582CDF /* Assets.xcassets in Resources */ = {isa = PBXBuildFile; fileRef = AAF0278222CCEF3500582CDF /* Assets.xcassets */; };
		AAF0278622CCEF3500582CDF /* LaunchScreen.storyboard in Resources */ = {isa = PBXBuildFile; fileRef = AAF0278422CCEF3500582CDF /* LaunchScreen.storyboard */; };
		AAF027A522CDD2A300582CDF /* API.swift in Sources */ = {isa = PBXBuildFile; fileRef = AAF027A422CDD2A300582CDF /* API.swift */; };
		D984F57B0FBD07BD21812836 /* Pods_ios.framework in Frameworks */ = {isa = PBXBuildFile; fileRef = 0651EC1CF3D39A3990E389AE /* Pods_ios.framework */; };
/* End PBXBuildFile section */

/* Begin PBXFileReference section */
		0651EC1CF3D39A3990E389AE /* Pods_ios.framework */ = {isa = PBXFileReference; explicitFileType = wrapper.framework; includeInIndex = 0; path = Pods_ios.framework; sourceTree = BUILT_PRODUCTS_DIR; };
		61B4EC4DB5C9E21C89E6F4BB /* Pods-ios.release.xcconfig */ = {isa = PBXFileReference; includeInIndex = 1; lastKnownFileType = text.xcconfig; name = "Pods-ios.release.xcconfig"; path = "Target Support Files/Pods-ios/Pods-ios.release.xcconfig"; sourceTree = "<group>"; };
		AA3529C622D3907200D25146 /* Helper.swift */ = {isa = PBXFileReference; fileEncoding = 4; lastKnownFileType = sourcecode.swift; path = Helper.swift; sourceTree = "<group>"; };
		AA592C8D22D625630088ECC3 /* APIBase.swift */ = {isa = PBXFileReference; fileEncoding = 4; lastKnownFileType = sourcecode.swift; path = APIBase.swift; sourceTree = "<group>"; };
		AAA5967322D48D2000972F9A /* TestObjects.string */ = {isa = PBXFileReference; fileEncoding = 4; lastKnownFileType = text; name = TestObjects.string; path = ../../../Examples/TestObjects.string; sourceTree = "<group>"; };
		AAA6CA2E22CDEE3700F1FAFF /* Entity.swift */ = {isa = PBXFileReference; fileEncoding = 4; lastKnownFileType = sourcecode.swift; path = Entity.swift; sourceTree = "<group>"; };
		AAA6CA2F22CDEE3700F1FAFF /* VCRequest.swift */ = {isa = PBXFileReference; fileEncoding = 4; lastKnownFileType = sourcecode.swift; path = VCRequest.swift; sourceTree = "<group>"; };
		AAA6CA3022CDEE3700F1FAFF /* VCRequests.swift */ = {isa = PBXFileReference; fileEncoding = 4; lastKnownFileType = sourcecode.swift; path = VCRequests.swift; sourceTree = "<group>"; };
		AAF0277822CCEF3300582CDF /* ios.app */ = {isa = PBXFileReference; explicitFileType = wrapper.application; includeInIndex = 0; path = ios.app; sourceTree = BUILT_PRODUCTS_DIR; };
		AAF0277B22CCEF3300582CDF /* AppDelegate.swift */ = {isa = PBXFileReference; lastKnownFileType = sourcecode.swift; path = AppDelegate.swift; sourceTree = "<group>"; };
		AAF0277D22CCEF3300582CDF /* ViewController.swift */ = {isa = PBXFileReference; lastKnownFileType = sourcecode.swift; path = ViewController.swift; sourceTree = "<group>"; };
		AAF0278022CCEF3300582CDF /* Base */ = {isa = PBXFileReference; lastKnownFileType = file.storyboard; name = Base; path = Base.lproj/Main.storyboard; sourceTree = "<group>"; };
		AAF0278222CCEF3500582CDF /* Assets.xcassets */ = {isa = PBXFileReference; lastKnownFileType = folder.assetcatalog; path = Assets.xcassets; sourceTree = "<group>"; };
		AAF0278522CCEF3500582CDF /* Base */ = {isa = PBXFileReference; lastKnownFileType = file.storyboard; name = Base; path = Base.lproj/LaunchScreen.storyboard; sourceTree = "<group>"; };
		AAF0278722CCEF3500582CDF /* Info.plist */ = {isa = PBXFileReference; lastKnownFileType = text.plist.xml; path = Info.plist; sourceTree = "<group>"; };
		AAF027A422CDD2A300582CDF /* API.swift */ = {isa = PBXFileReference; lastKnownFileType = sourcecode.swift; path = API.swift; sourceTree = "<group>"; };
		B13A14A10CAA7F96E5B6F987 /* Pods-ios.debug.xcconfig */ = {isa = PBXFileReference; includeInIndex = 1; lastKnownFileType = text.xcconfig; name = "Pods-ios.debug.xcconfig"; path = "Target Support Files/Pods-ios/Pods-ios.debug.xcconfig"; sourceTree = "<group>"; };
/* End PBXFileReference section */

/* Begin PBXFrameworksBuildPhase section */
		AAF0277522CCEF3300582CDF /* Frameworks */ = {
			isa = PBXFrameworksBuildPhase;
			buildActionMask = 2147483647;
			files = (
				D984F57B0FBD07BD21812836 /* Pods_ios.framework in Frameworks */,
			);
			runOnlyForDeploymentPostprocessing = 0;
		};
/* End PBXFrameworksBuildPhase section */

/* Begin PBXGroup section */
		26E8D500972B87FAF50BCE6C /* Frameworks */ = {
			isa = PBXGroup;
			children = (
				0651EC1CF3D39A3990E389AE /* Pods_ios.framework */,
			);
			name = Frameworks;
			sourceTree = "<group>";
		};
		61A5E993DBB1D6F1769B158B /* Pods */ = {
			isa = PBXGroup;
			children = (
				B13A14A10CAA7F96E5B6F987 /* Pods-ios.debug.xcconfig */,
				61B4EC4DB5C9E21C89E6F4BB /* Pods-ios.release.xcconfig */,
			);
			path = Pods;
			sourceTree = "<group>";
		};
		AAF0276F22CCEF3300582CDF = {
			isa = PBXGroup;
			children = (
				AAF0277A22CCEF3300582CDF /* ios */,
				AAF0277922CCEF3300582CDF /* Products */,
				61A5E993DBB1D6F1769B158B /* Pods */,
				26E8D500972B87FAF50BCE6C /* Frameworks */,
			);
			sourceTree = "<group>";
		};
		AAF0277922CCEF3300582CDF /* Products */ = {
			isa = PBXGroup;
			children = (
				AAF0277822CCEF3300582CDF /* ios.app */,
			);
			name = Products;
			sourceTree = "<group>";
		};
		AAF0277A22CCEF3300582CDF /* ios */ = {
			isa = PBXGroup;
			children = (
				AAF0278E22CCF00A00582CDF /* API */,
				AAF0277B22CCEF3300582CDF /* AppDelegate.swift */,
				AAF0277D22CCEF3300582CDF /* ViewController.swift */,
				AA3529C622D3907200D25146 /* Helper.swift */,
				AAA6CA2E22CDEE3700F1FAFF /* Entity.swift */,
				AAA6CA2F22CDEE3700F1FAFF /* VCRequest.swift */,
				AAA6CA3022CDEE3700F1FAFF /* VCRequests.swift */,
				AAF0277F22CCEF3300582CDF /* Main.storyboard */,
				AAF0278222CCEF3500582CDF /* Assets.xcassets */,
				AAF0278422CCEF3500582CDF /* LaunchScreen.storyboard */,
				AAF0278722CCEF3500582CDF /* Info.plist */,
			);
			path = ios;
			sourceTree = "<group>";
		};
		AAF0278E22CCF00A00582CDF /* API */ = {
			isa = PBXGroup;
			children = (
				AA592C8D22D625630088ECC3 /* APIBase.swift */,
				AAF027A422CDD2A300582CDF /* API.swift */,
				AAA5967322D48D2000972F9A /* TestObjects.string */,
			);
			path = API;
			sourceTree = "<group>";
		};
/* End PBXGroup section */

/* Begin PBXNativeTarget section */
		AAF0277722CCEF3300582CDF /* ios */ = {
			isa = PBXNativeTarget;
			buildConfigurationList = AAF0278A22CCEF3500582CDF /* Build configuration list for PBXNativeTarget "ios" */;
			buildPhases = (
				C85354EF4D6A884BA64A8D06 /* [CP] Check Pods Manifest.lock */,
				AAF0277422CCEF3300582CDF /* Sources */,
				AAF0277522CCEF3300582CDF /* Frameworks */,
				AAF0277622CCEF3300582CDF /* Resources */,
				A96E6BCA67214A2D0DB1BB94 /* [CP] Embed Pods Frameworks */,
			);
			buildRules = (
			);
			dependencies = (
			);
			name = ios;
			productName = ios;
			productReference = AAF0277822CCEF3300582CDF /* ios.app */;
			productType = "com.apple.product-type.application";
		};
/* End PBXNativeTarget section */

/* Begin PBXProject section */
		AAF0277022CCEF3300582CDF /* Project object */ = {
			isa = PBXProject;
			attributes = {
				LastSwiftUpdateCheck = 1020;
				LastUpgradeCheck = 1020;
				ORGANIZATIONNAME = Alexei;
				TargetAttributes = {
					AAF0277722CCEF3300582CDF = {
						CreatedOnToolsVersion = 10.2;
					};
				};
			};
			buildConfigurationList = AAF0277322CCEF3300582CDF /* Build configuration list for PBXProject "ios" */;
			compatibilityVersion = "Xcode 9.3";
			developmentRegion = en;
			hasScannedForEncodings = 0;
			knownRegions = (
				en,
				Base,
			);
			mainGroup = AAF0276F22CCEF3300582CDF;
			productRefGroup = AAF0277922CCEF3300582CDF /* Products */;
			projectDirPath = "";
			projectRoot = "";
			targets = (
				AAF0277722CCEF3300582CDF /* ios */,
			);
		};
/* End PBXProject section */

/* Begin PBXResourcesBuildPhase section */
		AAF0277622CCEF3300582CDF /* Resources */ = {
			isa = PBXResourcesBuildPhase;
			buildActionMask = 2147483647;
			files = (
				AAF0278622CCEF3500582CDF /* LaunchScreen.storyboard in Resources */,
				AAA5967422D48D2000972F9A /* TestObjects.string in Resources */,
				AAF0278322CCEF3500582CDF /* Assets.xcassets in Resources */,
				AAF0278122CCEF3300582CDF /* Main.storyboard in Resources */,
			);
			runOnlyForDeploymentPostprocessing = 0;
		};
/* End PBXResourcesBuildPhase section */

/* Begin PBXShellScriptBuildPhase section */
		A96E6BCA67214A2D0DB1BB94 /* [CP] Embed Pods Frameworks */ = {
			isa = PBXShellScriptBuildPhase;
			buildActionMask = 2147483647;
			files = (
			);
			inputFileListPaths = (
			);
			inputPaths = (
				"${PODS_ROOT}/Target Support Files/Pods-ios/Pods-ios-frameworks.sh",
				"${BUILT_PRODUCTS_DIR}/Alamofire/Alamofire.framework",
				"${BUILT_PRODUCTS_DIR}/EasyPeasy/EasyPeasy.framework",
			);
			name = "[CP] Embed Pods Frameworks";
			outputFileListPaths = (
			);
			outputPaths = (
				"${TARGET_BUILD_DIR}/${FRAMEWORKS_FOLDER_PATH}/Alamofire.framework",
				"${TARGET_BUILD_DIR}/${FRAMEWORKS_FOLDER_PATH}/EasyPeasy.framework",
			);
			runOnlyForDeploymentPostprocessing = 0;
			shellPath = /bin/sh;
			shellScript = "\"${PODS_ROOT}/Target Support Files/Pods-ios/Pods-ios-frameworks.sh\"\n";
			showEnvVarsInLog = 0;
		};
		C85354EF4D6A884BA64A8D06 /* [CP] Check Pods Manifest.lock */ = {
			isa = PBXShellScriptBuildPhase;
			buildActionMask = 2147483647;
			files = (
			);
			inputFileListPaths = (
			);
			inputPaths = (
				"${PODS_PODFILE_DIR_PATH}/Podfile.lock",
				"${PODS_ROOT}/Manifest.lock",
			);
			name = "[CP] Check Pods Manifest.lock";
			outputFileListPaths = (
			);
			outputPaths = (
				"$(DERIVED_FILE_DIR)/Pods-ios-checkManifestLockResult.txt",
			);
			runOnlyForDeploymentPostprocessing = 0;
			shellPath = /bin/sh;
			shellScript = "diff \"${PODS_PODFILE_DIR_PATH}/Podfile.lock\" \"${PODS_ROOT}/Manifest.lock\" > /dev/null\nif [ $? != 0 ] ; then\n    # print error to STDERR\n    echo \"error: The sandbox is not in sync with the Podfile.lock. Run 'pod install' or update your CocoaPods installation.\" >&2\n    exit 1\nfi\n# This output is used by Xcode 'outputs' to avoid re-running this script phase.\necho \"SUCCESS\" > \"${SCRIPT_OUTPUT_FILE_0}\"\n";
			showEnvVarsInLog = 0;
		};
/* End PBXShellScriptBuildPhase section */

/* Begin PBXSourcesBuildPhase section */
		AAF0277422CCEF3300582CDF /* Sources */ = {
			isa = PBXSourcesBuildPhase;
			buildActionMask = 2147483647;
			files = (
				AAA6CA3222CDEE3700F1FAFF /* VCRequest.swift in Sources */,
				AAF0277E22CCEF3300582CDF /* ViewController.swift in Sources */,
				AAA6CA3322CDEE3700F1FAFF /* VCRequests.swift in Sources */,
				AAA6CA3122CDEE3700F1FAFF /* Entity.swift in Sources */,
				AA3529C722D3907300D25146 /* Helper.swift in Sources */,
				AA592C8E22D625630088ECC3 /* APIBase.swift in Sources */,
				AAF027A522CDD2A300582CDF /* API.swift in Sources */,
				AAF0277C22CCEF3300582CDF /* AppDelegate.swift in Sources */,
			);
			runOnlyForDeploymentPostprocessing = 0;
		};
/* End PBXSourcesBuildPhase section */

/* Begin PBXVariantGroup section */
		AAF0277F22CCEF3300582CDF /* Main.storyboard */ = {
			isa = PBXVariantGroup;
			children = (
				AAF0278022CCEF3300582CDF /* Base */,
			);
			name = Main.storyboard;
			sourceTree = "<group>";
		};
		AAF0278422CCEF3500582CDF /* LaunchScreen.storyboard */ = {
			isa = PBXVariantGroup;
			children = (
				AAF0278522CCEF3500582CDF /* Base */,
			);
			name = LaunchScreen.storyboard;
			sourceTree = "<group>";
		};
/* End PBXVariantGroup section */

/* Begin XCBuildConfiguration section */
		AAF0278822CCEF3500582CDF /* Debug */ = {
			isa = XCBuildConfiguration;
			buildSettings = {
				ALWAYS_SEARCH_USER_PATHS = NO;
				CLANG_ANALYZER_NONNULL = YES;
				CLANG_ANALYZER_NUMBER_OBJECT_CONVERSION = YES_AGGRESSIVE;
				CLANG_CXX_LANGUAGE_STANDARD = "gnu++14";
				CLANG_CXX_LIBRARY = "libc++";
				CLANG_ENABLE_MODULES = YES;
				CLANG_ENABLE_OBJC_ARC = YES;
				CLANG_ENABLE_OBJC_WEAK = YES;
				CLANG_WARN_BLOCK_CAPTURE_AUTORELEASING = YES;
				CLANG_WARN_BOOL_CONVERSION = YES;
				CLANG_WARN_COMMA = YES;
				CLANG_WARN_CONSTANT_CONVERSION = YES;
				CLANG_WARN_DEPRECATED_OBJC_IMPLEMENTATIONS = YES;
				CLANG_WARN_DIRECT_OBJC_ISA_USAGE = YES_ERROR;
				CLANG_WARN_DOCUMENTATION_COMMENTS = YES;
				CLANG_WARN_EMPTY_BODY = YES;
				CLANG_WARN_ENUM_CONVERSION = YES;
				CLANG_WARN_INFINITE_RECURSION = YES;
				CLANG_WARN_INT_CONVERSION = YES;
				CLANG_WARN_NON_LITERAL_NULL_CONVERSION = YES;
				CLANG_WARN_OBJC_IMPLICIT_RETAIN_SELF = YES;
				CLANG_WARN_OBJC_LITERAL_CONVERSION = YES;
				CLANG_WARN_OBJC_ROOT_CLASS = YES_ERROR;
				CLANG_WARN_RANGE_LOOP_ANALYSIS = YES;
				CLANG_WARN_STRICT_PROTOTYPES = YES;
				CLANG_WARN_SUSPICIOUS_MOVE = YES;
				CLANG_WARN_UNGUARDED_AVAILABILITY = YES_AGGRESSIVE;
				CLANG_WARN_UNREACHABLE_CODE = YES;
				CLANG_WARN__DUPLICATE_METHOD_MATCH = YES;
				CODE_SIGN_IDENTITY = "iPhone Developer";
				COPY_PHASE_STRIP = NO;
				DEBUG_INFORMATION_FORMAT = dwarf;
				ENABLE_STRICT_OBJC_MSGSEND = YES;
				ENABLE_TESTABILITY = YES;
				GCC_C_LANGUAGE_STANDARD = gnu11;
				GCC_DYNAMIC_NO_PIC = NO;
				GCC_NO_COMMON_BLOCKS = YES;
				GCC_OPTIMIZATION_LEVEL = 0;
				GCC_PREPROCESSOR_DEFINITIONS = (
					"DEBUG=1",
					"$(inherited)",
				);
				GCC_WARN_64_TO_32_BIT_CONVERSION = YES;
				GCC_WARN_ABOUT_RETURN_TYPE = YES_ERROR;
				GCC_WARN_UNDECLARED_SELECTOR = YES;
				GCC_WARN_UNINITIALIZED_AUTOS = YES_AGGRESSIVE;
				GCC_WARN_UNUSED_FUNCTION = YES;
				GCC_WARN_UNUSED_VARIABLE = YES;
				IPHONEOS_DEPLOYMENT_TARGET = 12.2;
				MTL_ENABLE_DEBUG_INFO = INCLUDE_SOURCE;
				MTL_FAST_MATH = YES;
				ONLY_ACTIVE_ARCH = YES;
				SDKROOT = iphoneos;
				SWIFT_ACTIVE_COMPILATION_CONDITIONS = DEBUG;
				SWIFT_OPTIMIZATION_LEVEL = "-Onone";
			};
			name = Debug;
		};
		AAF0278922CCEF3500582CDF /* Release */ = {
			isa = XCBuildConfiguration;
			buildSettings = {
				ALWAYS_SEARCH_USER_PATHS = NO;
				CLANG_ANALYZER_NONNULL = YES;
				CLANG_ANALYZER_NUMBER_OBJECT_CONVERSION = YES_AGGRESSIVE;
				CLANG_CXX_LANGUAGE_STANDARD = "gnu++14";
				CLANG_CXX_LIBRARY = "libc++";
				CLANG_ENABLE_MODULES = YES;
				CLANG_ENABLE_OBJC_ARC = YES;
				CLANG_ENABLE_OBJC_WEAK = YES;
				CLANG_WARN_BLOCK_CAPTURE_AUTORELEASING = YES;
				CLANG_WARN_BOOL_CONVERSION = YES;
				CLANG_WARN_COMMA = YES;
				CLANG_WARN_CONSTANT_CONVERSION = YES;
				CLANG_WARN_DEPRECATED_OBJC_IMPLEMENTATIONS = YES;
				CLANG_WARN_DIRECT_OBJC_ISA_USAGE = YES_ERROR;
				CLANG_WARN_DOCUMENTATION_COMMENTS = YES;
				CLANG_WARN_EMPTY_BODY = YES;
				CLANG_WARN_ENUM_CONVERSION = YES;
				CLANG_WARN_INFINITE_RECURSION = YES;
				CLANG_WARN_INT_CONVERSION = YES;
				CLANG_WARN_NON_LITERAL_NULL_CONVERSION = YES;
				CLANG_WARN_OBJC_IMPLICIT_RETAIN_SELF = YES;
				CLANG_WARN_OBJC_LITERAL_CONVERSION = YES;
				CLANG_WARN_OBJC_ROOT_CLASS = YES_ERROR;
				CLANG_WARN_RANGE_LOOP_ANALYSIS = YES;
				CLANG_WARN_STRICT_PROTOTYPES = YES;
				CLANG_WARN_SUSPICIOUS_MOVE = YES;
				CLANG_WARN_UNGUARDED_AVAILABILITY = YES_AGGRESSIVE;
				CLANG_WARN_UNREACHABLE_CODE = YES;
				CLANG_WARN__DUPLICATE_METHOD_MATCH = YES;
				CODE_SIGN_IDENTITY = "iPhone Developer";
				COPY_PHASE_STRIP = NO;
				DEBUG_INFORMATION_FORMAT = "dwarf-with-dsym";
				ENABLE_NS_ASSERTIONS = NO;
				ENABLE_STRICT_OBJC_MSGSEND = YES;
				GCC_C_LANGUAGE_STANDARD = gnu11;
				GCC_NO_COMMON_BLOCKS = YES;
				GCC_WARN_64_TO_32_BIT_CONVERSION = YES;
				GCC_WARN_ABOUT_RETURN_TYPE = YES_ERROR;
				GCC_WARN_UNDECLARED_SELECTOR = YES;
				GCC_WARN_UNINITIALIZED_AUTOS = YES_AGGRESSIVE;
				GCC_WARN_UNUSED_FUNCTION = YES;
				GCC_WARN_UNUSED_VARIABLE = YES;
				IPHONEOS_DEPLOYMENT_TARGET = 12.2;
				MTL_ENABLE_DEBUG_INFO = NO;
				MTL_FAST_MATH = YES;
				SDKROOT = iphoneos;
				SWIFT_COMPILATION_MODE = wholemodule;
				SWIFT_OPTIMIZATION_LEVEL = "-O";
				VALIDATE_PRODUCT = YES;
			};
			name = Release;
		};
		AAF0278B22CCEF3500582CDF /* Debug */ = {
			isa = XCBuildConfiguration;
			baseConfigurationReference = B13A14A10CAA7F96E5B6F987 /* Pods-ios.debug.xcconfig */;
			buildSettings = {
				ASSETCATALOG_COMPILER_APPICON_NAME = AppIcon;
				CODE_SIGN_STYLE = Automatic;
				INFOPLIST_FILE = ios/Info.plist;
				LD_RUNPATH_SEARCH_PATHS = (
					"$(inherited)",
					"@executable_path/Frameworks",
				);
				PRODUCT_BUNDLE_IDENTIFIER = lol.ios;
				PRODUCT_NAME = "$(TARGET_NAME)";
				SWIFT_VERSION = 5.0;
				TARGETED_DEVICE_FAMILY = "1,2";
			};
			name = Debug;
		};
		AAF0278C22CCEF3500582CDF /* Release */ = {
			isa = XCBuildConfiguration;
			baseConfigurationReference = 61B4EC4DB5C9E21C89E6F4BB /* Pods-ios.release.xcconfig */;
			buildSettings = {
				ASSETCATALOG_COMPILER_APPICON_NAME = AppIcon;
				CODE_SIGN_STYLE = Automatic;
				INFOPLIST_FILE = ios/Info.plist;
				LD_RUNPATH_SEARCH_PATHS = (
					"$(inherited)",
					"@executable_path/Frameworks",
				);
				PRODUCT_BUNDLE_IDENTIFIER = lol.ios;
				PRODUCT_NAME = "$(TARGET_NAME)";
				SWIFT_VERSION = 5.0;
				TARGETED_DEVICE_FAMILY = "1,2";
			};
			name = Release;
		};
/* End XCBuildConfiguration section */

/* Begin XCConfigurationList section */
		AAF0277322CCEF3300582CDF /* Build configuration list for PBXProject "ios" */ = {
			isa = XCConfigurationList;
			buildConfigurations = (
				AAF0278822CCEF3500582CDF /* Debug */,
				AAF0278922CCEF3500582CDF /* Release */,
			);
			defaultConfigurationIsVisible = 0;
			defaultConfigurationName = Release;
		};
		AAF0278A22CCEF3500582CDF /* Build configuration list for PBXNativeTarget "ios" */ = {
			isa = XCConfigurationList;
			buildConfigurations = (
				AAF0278B22CCEF3500582CDF /* Debug */,
				AAF0278C22CCEF3500582CDF /* Release */,
			);
			defaultConfigurationIsVisible = 0;
			defaultConfigurationName = Release;
		};
/* End XCConfigurationList section */
	};
	rootObject = AAF0277022CCEF3300582CDF /* Project object */;
}
